
Microsoft Visual Studio Solution File, Format Version 12.00
# Visual Studio Version 17
VisualStudioVersion = 17.3.32819.101
MinimumVisualStudioVersion = 10.0.40219.1
Project("{FAE04EC0-301F-11D3-BF4B-00C04F79EFBC}") = "WindowsFormsApp1", "WindowsFormsApp1\WindowsFormsApp1.csproj", "{F079835A-B2AC-476A-94E7-2886A80A0973}"
EndProject
Global
	GlobalSection(SolutionConfigurationPlatforms) = preSolution
		Debug|Any CPU = Debug|Any CPU
		Release|Any CPU = Release|Any CPU
	EndGlobalSection
	GlobalSection(ProjectConfigurationPlatforms) = postSolution
		{F079835A-B2AC-476A-94E7-2886A80A0973}.Debug|Any CPU.ActiveCfg = Debug|Any CPU
		{F079835A-B2AC-476A-94E7-2886A80A0973}.Debug|Any CPU.Build.0 = Debug|Any CPU
		{F079835A-B2AC-476A-94E7-2886A80A0973}.Release|Any CPU.ActiveCfg = Release|Any CPU
		{F079835A-B2AC-476A-94E7-2886A80A0973}.Release|Any CPU.Build.0 = Release|Any CPU
	EndGlobalSection
	GlobalSection(SolutionProperties) = preSolution
		HideSolutionNode = FALSE
	EndGlobalSection
	GlobalSection(ExtensibilityGlobals) = postSolution
		SolutionGuid = {BD1BD054-F1A3-4F8A-86E7-09D5EDF5D6F0}
	EndGlobalSection
EndGlobal
